// !$*UTF8*$!
{
	archiveVersion = 1;
	classes = {
	};
	objectVersion = 56;
	objects = {

/* Begin PBXBuildFile section */
		C11A7A722934D32100A37EB2 /* ShopCard.swift in Sources */ = {isa = PBXBuildFile; fileRef = C11A7A712934D32100A37EB2 /* ShopCard.swift */; };
		C11A7A762935B88400A37EB2 /* LoginPopup.swift in Sources */ = {isa = PBXBuildFile; fileRef = C11A7A752935B88400A37EB2 /* LoginPopup.swift */; };
		C11A7A782935DD5000A37EB2 /* CreateAccountView.swift in Sources */ = {isa = PBXBuildFile; fileRef = C11A7A772935DD5000A37EB2 /* CreateAccountView.swift */; };
		C11A7A7B2935E83E00A37EB2 /* FirebaseAuth in Frameworks */ = {isa = PBXBuildFile; productRef = C11A7A7A2935E83E00A37EB2 /* FirebaseAuth */; };
		C11A7A7D2935E83E00A37EB2 /* FirebaseFirestore in Frameworks */ = {isa = PBXBuildFile; productRef = C11A7A7C2935E83E00A37EB2 /* FirebaseFirestore */; };
		C11A7A7F2935E83E00A37EB2 /* FirebaseFirestoreSwift in Frameworks */ = {isa = PBXBuildFile; productRef = C11A7A7E2935E83E00A37EB2 /* FirebaseFirestoreSwift */; };
		C157071D292E5E3D00CD7E57 /* LocationManager.swift in Sources */ = {isa = PBXBuildFile; fileRef = C157071C292E5E3D00CD7E57 /* LocationManager.swift */; };
		C157071F292EE6FE00CD7E57 /* ListView.swift in Sources */ = {isa = PBXBuildFile; fileRef = C157071E292EE6FE00CD7E57 /* ListView.swift */; };
		C15F7ECB29301682003B0B97 /* SearchPopup.swift in Sources */ = {isa = PBXBuildFile; fileRef = C15F7ECA29301682003B0B97 /* SearchPopup.swift */; };
		C15F7ECD29302C82003B0B97 /* TextFieldRemoverButton.swift in Sources */ = {isa = PBXBuildFile; fileRef = C15F7ECC29302C82003B0B97 /* TextFieldRemoverButton.swift */; };
		C197D530293045950097254F /* Shop.swift in Sources */ = {isa = PBXBuildFile; fileRef = C197D52F293045950097254F /* Shop.swift */; };
		C197D543293094FB0097254F /* DBConnection.swift in Sources */ = {isa = PBXBuildFile; fileRef = C197D542293094FB0097254F /* DBConnection.swift */; };
		C197D544293094FB0097254F /* DBConnection.swift in Sources */ = {isa = PBXBuildFile; fileRef = C197D542293094FB0097254F /* DBConnection.swift */; };
		C197D545293094FB0097254F /* DBConnection.swift in Sources */ = {isa = PBXBuildFile; fileRef = C197D542293094FB0097254F /* DBConnection.swift */; };
		C197D54A2930C6EC0097254F /* UserAcct.swift in Sources */ = {isa = PBXBuildFile; fileRef = C197D5492930C6EC0097254F /* UserAcct.swift */; };
		C197D54B2930C6EC0097254F /* UserAcct.swift in Sources */ = {isa = PBXBuildFile; fileRef = C197D5492930C6EC0097254F /* UserAcct.swift */; };
		C197D54C2930C6EC0097254F /* UserAcct.swift in Sources */ = {isa = PBXBuildFile; fileRef = C197D5492930C6EC0097254F /* UserAcct.swift */; };
		C197D54E2930C7780097254F /* AccountTemplate.swift in Sources */ = {isa = PBXBuildFile; fileRef = C197D54D2930C7780097254F /* AccountTemplate.swift */; };
		C197D54F2930C7780097254F /* AccountTemplate.swift in Sources */ = {isa = PBXBuildFile; fileRef = C197D54D2930C7780097254F /* AccountTemplate.swift */; };
		C197D5502930C7780097254F /* AccountTemplate.swift in Sources */ = {isa = PBXBuildFile; fileRef = C197D54D2930C7780097254F /* AccountTemplate.swift */; };
		C197D5522930CD120097254F /* GoogleService-Info.plist in Resources */ = {isa = PBXBuildFile; fileRef = C197D5512930CD120097254F /* GoogleService-Info.plist */; };
		C197D5532930CD120097254F /* GoogleService-Info.plist in Resources */ = {isa = PBXBuildFile; fileRef = C197D5512930CD120097254F /* GoogleService-Info.plist */; };
		C197D5542930CD120097254F /* GoogleService-Info.plist in Resources */ = {isa = PBXBuildFile; fileRef = C197D5512930CD120097254F /* GoogleService-Info.plist */; };
		C197D5562930F0A20097254F /* LoadingIndicator.swift in Sources */ = {isa = PBXBuildFile; fileRef = C197D5552930F0A20097254F /* LoadingIndicator.swift */; };
		C197D5572930F0A20097254F /* LoadingIndicator.swift in Sources */ = {isa = PBXBuildFile; fileRef = C197D5552930F0A20097254F /* LoadingIndicator.swift */; };
		C197D5582930F0A20097254F /* LoadingIndicator.swift in Sources */ = {isa = PBXBuildFile; fileRef = C197D5552930F0A20097254F /* LoadingIndicator.swift */; };
		C197D55A29314BFF0097254F /* RoundedCornersShape.swift in Sources */ = {isa = PBXBuildFile; fileRef = C197D55929314BFE0097254F /* RoundedCornersShape.swift */; };
		C197D55B29314BFF0097254F /* RoundedCornersShape.swift in Sources */ = {isa = PBXBuildFile; fileRef = C197D55929314BFE0097254F /* RoundedCornersShape.swift */; };
		C197D55C29314BFF0097254F /* RoundedCornersShape.swift in Sources */ = {isa = PBXBuildFile; fileRef = C197D55929314BFE0097254F /* RoundedCornersShape.swift */; };
		C1D404D2292E36AC00A46957 /* PiOSApp.swift in Sources */ = {isa = PBXBuildFile; fileRef = C1D404D1292E36AC00A46957 /* PiOSApp.swift */; };
		C1D404D4292E36AC00A46957 /* ContentView.swift in Sources */ = {isa = PBXBuildFile; fileRef = C1D404D3292E36AC00A46957 /* ContentView.swift */; };
		C1D404D6292E36AE00A46957 /* Assets.xcassets in Resources */ = {isa = PBXBuildFile; fileRef = C1D404D5292E36AE00A46957 /* Assets.xcassets */; };
		C1D404D9292E36AE00A46957 /* Preview Assets.xcassets in Resources */ = {isa = PBXBuildFile; fileRef = C1D404D8292E36AE00A46957 /* Preview Assets.xcassets */; };
		C1D404E3292E36AE00A46957 /* PiOSTests.swift in Sources */ = {isa = PBXBuildFile; fileRef = C1D404E2292E36AE00A46957 /* PiOSTests.swift */; };
		C1D404ED292E36AE00A46957 /* PiOSUITests.swift in Sources */ = {isa = PBXBuildFile; fileRef = C1D404EC292E36AE00A46957 /* PiOSUITests.swift */; };
		C1D404EF292E36AE00A46957 /* PiOSUITestsLaunchTests.swift in Sources */ = {isa = PBXBuildFile; fileRef = C1D404EE292E36AE00A46957 /* PiOSUITestsLaunchTests.swift */; };
		C1D404FC292E36CD00A46957 /* MapView.swift in Sources */ = {isa = PBXBuildFile; fileRef = C1D404FB292E36CD00A46957 /* MapView.swift */; };
/* End PBXBuildFile section */

/* Begin PBXContainerItemProxy section */
		C1D404DF292E36AE00A46957 /* PBXContainerItemProxy */ = {
			isa = PBXContainerItemProxy;
			containerPortal = C1D404C6292E36AC00A46957 /* Project object */;
			proxyType = 1;
			remoteGlobalIDString = C1D404CD292E36AC00A46957;
			remoteInfo = PiOS;
		};
		C1D404E9292E36AE00A46957 /* PBXContainerItemProxy */ = {
			isa = PBXContainerItemProxy;
			containerPortal = C1D404C6292E36AC00A46957 /* Project object */;
			proxyType = 1;
			remoteGlobalIDString = C1D404CD292E36AC00A46957;
			remoteInfo = PiOS;
		};
/* End PBXContainerItemProxy section */

/* Begin PBXFileReference section */
		C11A7A712934D32100A37EB2 /* ShopCard.swift */ = {isa = PBXFileReference; lastKnownFileType = sourcecode.swift; path = ShopCard.swift; sourceTree = "<group>"; };
		C11A7A752935B88400A37EB2 /* LoginPopup.swift */ = {isa = PBXFileReference; lastKnownFileType = sourcecode.swift; path = LoginPopup.swift; sourceTree = "<group>"; };
		C11A7A772935DD5000A37EB2 /* CreateAccountView.swift */ = {isa = PBXFileReference; lastKnownFileType = sourcecode.swift; path = CreateAccountView.swift; sourceTree = "<group>"; };
		C157071C292E5E3D00CD7E57 /* LocationManager.swift */ = {isa = PBXFileReference; lastKnownFileType = sourcecode.swift; path = LocationManager.swift; sourceTree = "<group>"; };
		C157071E292EE6FE00CD7E57 /* ListView.swift */ = {isa = PBXFileReference; lastKnownFileType = sourcecode.swift; path = ListView.swift; sourceTree = "<group>"; };
		C15F7ECA29301682003B0B97 /* SearchPopup.swift */ = {isa = PBXFileReference; lastKnownFileType = sourcecode.swift; path = SearchPopup.swift; sourceTree = "<group>"; };
		C15F7ECC29302C82003B0B97 /* TextFieldRemoverButton.swift */ = {isa = PBXFileReference; lastKnownFileType = sourcecode.swift; path = TextFieldRemoverButton.swift; sourceTree = "<group>"; };
		C197D52F293045950097254F /* Shop.swift */ = {isa = PBXFileReference; lastKnownFileType = sourcecode.swift; path = Shop.swift; sourceTree = "<group>"; };
		C197D542293094FB0097254F /* DBConnection.swift */ = {isa = PBXFileReference; lastKnownFileType = sourcecode.swift; path = DBConnection.swift; sourceTree = "<group>"; };
		C197D5492930C6EC0097254F /* UserAcct.swift */ = {isa = PBXFileReference; lastKnownFileType = sourcecode.swift; path = UserAcct.swift; sourceTree = "<group>"; };
		C197D54D2930C7780097254F /* AccountTemplate.swift */ = {isa = PBXFileReference; lastKnownFileType = sourcecode.swift; path = AccountTemplate.swift; sourceTree = "<group>"; };
		C197D5512930CD120097254F /* GoogleService-Info.plist */ = {isa = PBXFileReference; fileEncoding = 4; lastKnownFileType = text.plist.xml; path = "GoogleService-Info.plist"; sourceTree = "<group>"; };
		C197D5552930F0A20097254F /* LoadingIndicator.swift */ = {isa = PBXFileReference; lastKnownFileType = sourcecode.swift; path = LoadingIndicator.swift; sourceTree = "<group>"; };
		C197D55929314BFE0097254F /* RoundedCornersShape.swift */ = {isa = PBXFileReference; lastKnownFileType = sourcecode.swift; path = RoundedCornersShape.swift; sourceTree = "<group>"; };
		C1D404CE292E36AC00A46957 /* PiOS.app */ = {isa = PBXFileReference; explicitFileType = wrapper.application; includeInIndex = 0; path = PiOS.app; sourceTree = BUILT_PRODUCTS_DIR; };
		C1D404D1292E36AC00A46957 /* PiOSApp.swift */ = {isa = PBXFileReference; lastKnownFileType = sourcecode.swift; path = PiOSApp.swift; sourceTree = "<group>"; };
		C1D404D3292E36AC00A46957 /* ContentView.swift */ = {isa = PBXFileReference; lastKnownFileType = sourcecode.swift; path = ContentView.swift; sourceTree = "<group>"; };
		C1D404D5292E36AE00A46957 /* Assets.xcassets */ = {isa = PBXFileReference; lastKnownFileType = folder.assetcatalog; path = Assets.xcassets; sourceTree = "<group>"; };
		C1D404D8292E36AE00A46957 /* Preview Assets.xcassets */ = {isa = PBXFileReference; lastKnownFileType = folder.assetcatalog; path = "Preview Assets.xcassets"; sourceTree = "<group>"; };
		C1D404DE292E36AE00A46957 /* PiOSTests.xctest */ = {isa = PBXFileReference; explicitFileType = wrapper.cfbundle; includeInIndex = 0; path = PiOSTests.xctest; sourceTree = BUILT_PRODUCTS_DIR; };
		C1D404E2292E36AE00A46957 /* PiOSTests.swift */ = {isa = PBXFileReference; lastKnownFileType = sourcecode.swift; path = PiOSTests.swift; sourceTree = "<group>"; };
		C1D404E8292E36AE00A46957 /* PiOSUITests.xctest */ = {isa = PBXFileReference; explicitFileType = wrapper.cfbundle; includeInIndex = 0; path = PiOSUITests.xctest; sourceTree = BUILT_PRODUCTS_DIR; };
		C1D404EC292E36AE00A46957 /* PiOSUITests.swift */ = {isa = PBXFileReference; lastKnownFileType = sourcecode.swift; path = PiOSUITests.swift; sourceTree = "<group>"; };
		C1D404EE292E36AE00A46957 /* PiOSUITestsLaunchTests.swift */ = {isa = PBXFileReference; lastKnownFileType = sourcecode.swift; path = PiOSUITestsLaunchTests.swift; sourceTree = "<group>"; };
		C1D404FB292E36CD00A46957 /* MapView.swift */ = {isa = PBXFileReference; lastKnownFileType = sourcecode.swift; path = MapView.swift; sourceTree = "<group>"; };
/* End PBXFileReference section */

/* Begin PBXFrameworksBuildPhase section */
		C1D404CB292E36AC00A46957 /* Frameworks */ = {
			isa = PBXFrameworksBuildPhase;
			buildActionMask = 2147483647;
			files = (
				C11A7A7B2935E83E00A37EB2 /* FirebaseAuth in Frameworks */,
				C11A7A7D2935E83E00A37EB2 /* FirebaseFirestore in Frameworks */,
				C11A7A7F2935E83E00A37EB2 /* FirebaseFirestoreSwift in Frameworks */,
			);
			runOnlyForDeploymentPostprocessing = 0;
		};
		C1D404DB292E36AE00A46957 /* Frameworks */ = {
			isa = PBXFrameworksBuildPhase;
			buildActionMask = 2147483647;
			files = (
			);
			runOnlyForDeploymentPostprocessing = 0;
		};
		C1D404E5292E36AE00A46957 /* Frameworks */ = {
			isa = PBXFrameworksBuildPhase;
			buildActionMask = 2147483647;
			files = (
			);
			runOnlyForDeploymentPostprocessing = 0;
		};
/* End PBXFrameworksBuildPhase section */

/* Begin PBXGroup section */
		C197D5462930ACB50097254F /* Views */ = {
			isa = PBXGroup;
			children = (
				C157071E292EE6FE00CD7E57 /* ListView.swift */,
				C1D404FB292E36CD00A46957 /* MapView.swift */,
				C11A7A772935DD5000A37EB2 /* CreateAccountView.swift */,
			);
			path = Views;
			sourceTree = "<group>";
		};
		C197D5472930ACCF0097254F /* Model */ = {
			isa = PBXGroup;
			children = (
				C197D52F293045950097254F /* Shop.swift */,
				C197D5492930C6EC0097254F /* UserAcct.swift */,
			);
			path = Model;
			sourceTree = "<group>";
		};
		C197D5482930AD150097254F /* Components */ = {
			isa = PBXGroup;
			children = (
				C15F7ECA29301682003B0B97 /* SearchPopup.swift */,
				C15F7ECC29302C82003B0B97 /* TextFieldRemoverButton.swift */,
				C197D54D2930C7780097254F /* AccountTemplate.swift */,
				C197D5552930F0A20097254F /* LoadingIndicator.swift */,
				C197D55929314BFE0097254F /* RoundedCornersShape.swift */,
				C11A7A712934D32100A37EB2 /* ShopCard.swift */,
				C11A7A752935B88400A37EB2 /* LoginPopup.swift */,
			);
			path = Components;
			sourceTree = "<group>";
		};
		C1D404C5292E36AC00A46957 = {
			isa = PBXGroup;
			children = (
				C1D404D0292E36AC00A46957 /* PiOS */,
				C1D404E1292E36AE00A46957 /* PiOSTests */,
				C1D404EB292E36AE00A46957 /* PiOSUITests */,
				C1D404CF292E36AC00A46957 /* Products */,
			);
			sourceTree = "<group>";
		};
		C1D404CF292E36AC00A46957 /* Products */ = {
			isa = PBXGroup;
			children = (
				C1D404CE292E36AC00A46957 /* PiOS.app */,
				C1D404DE292E36AE00A46957 /* PiOSTests.xctest */,
				C1D404E8292E36AE00A46957 /* PiOSUITests.xctest */,
			);
			name = Products;
			sourceTree = "<group>";
		};
		C1D404D0292E36AC00A46957 /* PiOS */ = {
			isa = PBXGroup;
			children = (
				C1D404D3292E36AC00A46957 /* ContentView.swift */,
				C197D542293094FB0097254F /* DBConnection.swift */,
				C197D5512930CD120097254F /* GoogleService-Info.plist */,
				C1D404D1292E36AC00A46957 /* PiOSApp.swift */,
				C1D404D5292E36AE00A46957 /* Assets.xcassets */,
				C157071C292E5E3D00CD7E57 /* LocationManager.swift */,
				C197D5482930AD150097254F /* Components */,
				C197D5472930ACCF0097254F /* Model */,
				C197D5462930ACB50097254F /* Views */,
				C1D404D7292E36AE00A46957 /* Preview Content */,
			);
			path = PiOS;
			sourceTree = "<group>";
		};
		C1D404D7292E36AE00A46957 /* Preview Content */ = {
			isa = PBXGroup;
			children = (
				C1D404D8292E36AE00A46957 /* Preview Assets.xcassets */,
			);
			path = "Preview Content";
			sourceTree = "<group>";
		};
		C1D404E1292E36AE00A46957 /* PiOSTests */ = {
			isa = PBXGroup;
			children = (
				C1D404E2292E36AE00A46957 /* PiOSTests.swift */,
			);
			path = PiOSTests;
			sourceTree = "<group>";
		};
		C1D404EB292E36AE00A46957 /* PiOSUITests */ = {
			isa = PBXGroup;
			children = (
				C1D404EC292E36AE00A46957 /* PiOSUITests.swift */,
				C1D404EE292E36AE00A46957 /* PiOSUITestsLaunchTests.swift */,
			);
			path = PiOSUITests;
			sourceTree = "<group>";
		};
/* End PBXGroup section */

/* Begin PBXNativeTarget section */
		C1D404CD292E36AC00A46957 /* PiOS */ = {
			isa = PBXNativeTarget;
			buildConfigurationList = C1D404F2292E36AE00A46957 /* Build configuration list for PBXNativeTarget "PiOS" */;
			buildPhases = (
				C1D404CA292E36AC00A46957 /* Sources */,
				C1D404CB292E36AC00A46957 /* Frameworks */,
				C1D404CC292E36AC00A46957 /* Resources */,
			);
			buildRules = (
			);
			dependencies = (
			);
			name = PiOS;
			packageProductDependencies = (
				C11A7A7A2935E83E00A37EB2 /* FirebaseAuth */,
				C11A7A7C2935E83E00A37EB2 /* FirebaseFirestore */,
				C11A7A7E2935E83E00A37EB2 /* FirebaseFirestoreSwift */,
			);
			productName = PiOS;
			productReference = C1D404CE292E36AC00A46957 /* PiOS.app */;
			productType = "com.apple.product-type.application";
		};
		C1D404DD292E36AE00A46957 /* PiOSTests */ = {
			isa = PBXNativeTarget;
			buildConfigurationList = C1D404F5292E36AE00A46957 /* Build configuration list for PBXNativeTarget "PiOSTests" */;
			buildPhases = (
				C1D404DA292E36AE00A46957 /* Sources */,
				C1D404DB292E36AE00A46957 /* Frameworks */,
				C1D404DC292E36AE00A46957 /* Resources */,
			);
			buildRules = (
			);
			dependencies = (
				C1D404E0292E36AE00A46957 /* PBXTargetDependency */,
			);
			name = PiOSTests;
			productName = PiOSTests;
			productReference = C1D404DE292E36AE00A46957 /* PiOSTests.xctest */;
			productType = "com.apple.product-type.bundle.unit-test";
		};
		C1D404E7292E36AE00A46957 /* PiOSUITests */ = {
			isa = PBXNativeTarget;
			buildConfigurationList = C1D404F8292E36AE00A46957 /* Build configuration list for PBXNativeTarget "PiOSUITests" */;
			buildPhases = (
				C1D404E4292E36AE00A46957 /* Sources */,
				C1D404E5292E36AE00A46957 /* Frameworks */,
				C1D404E6292E36AE00A46957 /* Resources */,
			);
			buildRules = (
			);
			dependencies = (
				C1D404EA292E36AE00A46957 /* PBXTargetDependency */,
			);
			name = PiOSUITests;
			productName = PiOSUITests;
			productReference = C1D404E8292E36AE00A46957 /* PiOSUITests.xctest */;
			productType = "com.apple.product-type.bundle.ui-testing";
		};
/* End PBXNativeTarget section */

/* Begin PBXProject section */
		C1D404C6292E36AC00A46957 /* Project object */ = {
			isa = PBXProject;
			attributes = {
				BuildIndependentTargetsInParallel = 1;
				LastSwiftUpdateCheck = 1410;
				LastUpgradeCheck = 1410;
				TargetAttributes = {
					C1D404CD292E36AC00A46957 = {
						CreatedOnToolsVersion = 14.1;
					};
					C1D404DD292E36AE00A46957 = {
						CreatedOnToolsVersion = 14.1;
						TestTargetID = C1D404CD292E36AC00A46957;
					};
					C1D404E7292E36AE00A46957 = {
						CreatedOnToolsVersion = 14.1;
						TestTargetID = C1D404CD292E36AC00A46957;
					};
				};
			};
			buildConfigurationList = C1D404C9292E36AC00A46957 /* Build configuration list for PBXProject "PiOS" */;
			compatibilityVersion = "Xcode 14.0";
			developmentRegion = en;
			hasScannedForEncodings = 0;
			knownRegions = (
				en,
				Base,
			);
			mainGroup = C1D404C5292E36AC00A46957;
			packageReferences = (
				C11A7A792935E83E00A37EB2 /* XCRemoteSwiftPackageReference "firebase-ios-sdk" */,
			);
			productRefGroup = C1D404CF292E36AC00A46957 /* Products */;
			projectDirPath = "";
			projectRoot = "";
			targets = (
				C1D404CD292E36AC00A46957 /* PiOS */,
				C1D404DD292E36AE00A46957 /* PiOSTests */,
				C1D404E7292E36AE00A46957 /* PiOSUITests */,
			);
		};
/* End PBXProject section */

/* Begin PBXResourcesBuildPhase section */
		C1D404CC292E36AC00A46957 /* Resources */ = {
			isa = PBXResourcesBuildPhase;
			buildActionMask = 2147483647;
			files = (
				C1D404D9292E36AE00A46957 /* Preview Assets.xcassets in Resources */,
				C1D404D6292E36AE00A46957 /* Assets.xcassets in Resources */,
				C197D5522930CD120097254F /* GoogleService-Info.plist in Resources */,
			);
			runOnlyForDeploymentPostprocessing = 0;
		};
		C1D404DC292E36AE00A46957 /* Resources */ = {
			isa = PBXResourcesBuildPhase;
			buildActionMask = 2147483647;
			files = (
				C197D5532930CD120097254F /* GoogleService-Info.plist in Resources */,
			);
			runOnlyForDeploymentPostprocessing = 0;
		};
		C1D404E6292E36AE00A46957 /* Resources */ = {
			isa = PBXResourcesBuildPhase;
			buildActionMask = 2147483647;
			files = (
				C197D5542930CD120097254F /* GoogleService-Info.plist in Resources */,
			);
			runOnlyForDeploymentPostprocessing = 0;
		};
/* End PBXResourcesBuildPhase section */

/* Begin PBXSourcesBuildPhase section */
		C1D404CA292E36AC00A46957 /* Sources */ = {
			isa = PBXSourcesBuildPhase;
			buildActionMask = 2147483647;
			files = (
				C1D404D4292E36AC00A46957 /* ContentView.swift in Sources */,
				C11A7A722934D32100A37EB2 /* ShopCard.swift in Sources */,
				C1D404FC292E36CD00A46957 /* MapView.swift in Sources */,
				C15F7ECB29301682003B0B97 /* SearchPopup.swift in Sources */,
				C197D530293045950097254F /* Shop.swift in Sources */,
				C197D5562930F0A20097254F /* LoadingIndicator.swift in Sources */,
				C197D54A2930C6EC0097254F /* UserAcct.swift in Sources */,
				C197D543293094FB0097254F /* DBConnection.swift in Sources */,
				C11A7A762935B88400A37EB2 /* LoginPopup.swift in Sources */,
				C157071F292EE6FE00CD7E57 /* ListView.swift in Sources */,
				C197D54E2930C7780097254F /* AccountTemplate.swift in Sources */,
				C157071D292E5E3D00CD7E57 /* LocationManager.swift in Sources */,
				C11A7A782935DD5000A37EB2 /* CreateAccountView.swift in Sources */,
				C197D55A29314BFF0097254F /* RoundedCornersShape.swift in Sources */,
				C1D404D2292E36AC00A46957 /* PiOSApp.swift in Sources */,
				C15F7ECD29302C82003B0B97 /* TextFieldRemoverButton.swift in Sources */,
			);
			runOnlyForDeploymentPostprocessing = 0;
		};
		C1D404DA292E36AE00A46957 /* Sources */ = {
			isa = PBXSourcesBuildPhase;
			buildActionMask = 2147483647;
			files = (
				C197D55B29314BFF0097254F /* RoundedCornersShape.swift in Sources */,
				C1D404E3292E36AE00A46957 /* PiOSTests.swift in Sources */,
				C197D54F2930C7780097254F /* AccountTemplate.swift in Sources */,
				C197D5572930F0A20097254F /* LoadingIndicator.swift in Sources */,
				C197D544293094FB0097254F /* DBConnection.swift in Sources */,
				C197D54B2930C6EC0097254F /* UserAcct.swift in Sources */,
			);
			runOnlyForDeploymentPostprocessing = 0;
		};
		C1D404E4292E36AE00A46957 /* Sources */ = {
			isa = PBXSourcesBuildPhase;
			buildActionMask = 2147483647;
			files = (
				C197D5582930F0A20097254F /* LoadingIndicator.swift in Sources */,
				C197D545293094FB0097254F /* DBConnection.swift in Sources */,
				C1D404ED292E36AE00A46957 /* PiOSUITests.swift in Sources */,
				C1D404EF292E36AE00A46957 /* PiOSUITestsLaunchTests.swift in Sources */,
				C197D5502930C7780097254F /* AccountTemplate.swift in Sources */,
				C197D54C2930C6EC0097254F /* UserAcct.swift in Sources */,
				C197D55C29314BFF0097254F /* RoundedCornersShape.swift in Sources */,
			);
			runOnlyForDeploymentPostprocessing = 0;
		};
/* End PBXSourcesBuildPhase section */

/* Begin PBXTargetDependency section */
		C1D404E0292E36AE00A46957 /* PBXTargetDependency */ = {
			isa = PBXTargetDependency;
			target = C1D404CD292E36AC00A46957 /* PiOS */;
			targetProxy = C1D404DF292E36AE00A46957 /* PBXContainerItemProxy */;
		};
		C1D404EA292E36AE00A46957 /* PBXTargetDependency */ = {
			isa = PBXTargetDependency;
			target = C1D404CD292E36AC00A46957 /* PiOS */;
			targetProxy = C1D404E9292E36AE00A46957 /* PBXContainerItemProxy */;
		};
/* End PBXTargetDependency section */

/* Begin XCBuildConfiguration section */
		C1D404F0292E36AE00A46957 /* Debug */ = {
			isa = XCBuildConfiguration;
			buildSettings = {
				ALWAYS_SEARCH_USER_PATHS = NO;
				CLANG_ANALYZER_NONNULL = YES;
				CLANG_ANALYZER_NUMBER_OBJECT_CONVERSION = YES_AGGRESSIVE;
				CLANG_CXX_LANGUAGE_STANDARD = "gnu++20";
				CLANG_ENABLE_MODULES = YES;
				CLANG_ENABLE_OBJC_ARC = YES;
				CLANG_ENABLE_OBJC_WEAK = YES;
				CLANG_WARN_BLOCK_CAPTURE_AUTORELEASING = YES;
				CLANG_WARN_BOOL_CONVERSION = YES;
				CLANG_WARN_COMMA = YES;
				CLANG_WARN_CONSTANT_CONVERSION = YES;
				CLANG_WARN_DEPRECATED_OBJC_IMPLEMENTATIONS = YES;
				CLANG_WARN_DIRECT_OBJC_ISA_USAGE = YES_ERROR;
				CLANG_WARN_DOCUMENTATION_COMMENTS = YES;
				CLANG_WARN_EMPTY_BODY = YES;
				CLANG_WARN_ENUM_CONVERSION = YES;
				CLANG_WARN_INFINITE_RECURSION = YES;
				CLANG_WARN_INT_CONVERSION = YES;
				CLANG_WARN_NON_LITERAL_NULL_CONVERSION = YES;
				CLANG_WARN_OBJC_IMPLICIT_RETAIN_SELF = YES;
				CLANG_WARN_OBJC_LITERAL_CONVERSION = YES;
				CLANG_WARN_OBJC_ROOT_CLASS = YES_ERROR;
				CLANG_WARN_QUOTED_INCLUDE_IN_FRAMEWORK_HEADER = YES;
				CLANG_WARN_RANGE_LOOP_ANALYSIS = YES;
				CLANG_WARN_STRICT_PROTOTYPES = YES;
				CLANG_WARN_SUSPICIOUS_MOVE = YES;
				CLANG_WARN_UNGUARDED_AVAILABILITY = YES_AGGRESSIVE;
				CLANG_WARN_UNREACHABLE_CODE = YES;
				CLANG_WARN__DUPLICATE_METHOD_MATCH = YES;
				COPY_PHASE_STRIP = NO;
				DEBUG_INFORMATION_FORMAT = dwarf;
				ENABLE_STRICT_OBJC_MSGSEND = YES;
				ENABLE_TESTABILITY = YES;
				GCC_C_LANGUAGE_STANDARD = gnu11;
				GCC_DYNAMIC_NO_PIC = NO;
				GCC_NO_COMMON_BLOCKS = YES;
				GCC_OPTIMIZATION_LEVEL = 0;
				GCC_PREPROCESSOR_DEFINITIONS = (
					"DEBUG=1",
					"$(inherited)",
				);
				GCC_WARN_64_TO_32_BIT_CONVERSION = YES;
				GCC_WARN_ABOUT_RETURN_TYPE = YES_ERROR;
				GCC_WARN_UNDECLARED_SELECTOR = YES;
				GCC_WARN_UNINITIALIZED_AUTOS = YES_AGGRESSIVE;
				GCC_WARN_UNUSED_FUNCTION = YES;
				GCC_WARN_UNUSED_VARIABLE = YES;
				IPHONEOS_DEPLOYMENT_TARGET = 16.1;
				MTL_ENABLE_DEBUG_INFO = INCLUDE_SOURCE;
				MTL_FAST_MATH = YES;
				ONLY_ACTIVE_ARCH = YES;
				SDKROOT = iphoneos;
				SWIFT_ACTIVE_COMPILATION_CONDITIONS = DEBUG;
				SWIFT_OPTIMIZATION_LEVEL = "-Onone";
			};
			name = Debug;
		};
		C1D404F1292E36AE00A46957 /* Release */ = {
			isa = XCBuildConfiguration;
			buildSettings = {
				ALWAYS_SEARCH_USER_PATHS = NO;
				CLANG_ANALYZER_NONNULL = YES;
				CLANG_ANALYZER_NUMBER_OBJECT_CONVERSION = YES_AGGRESSIVE;
				CLANG_CXX_LANGUAGE_STANDARD = "gnu++20";
				CLANG_ENABLE_MODULES = YES;
				CLANG_ENABLE_OBJC_ARC = YES;
				CLANG_ENABLE_OBJC_WEAK = YES;
				CLANG_WARN_BLOCK_CAPTURE_AUTORELEASING = YES;
				CLANG_WARN_BOOL_CONVERSION = YES;
				CLANG_WARN_COMMA = YES;
				CLANG_WARN_CONSTANT_CONVERSION = YES;
				CLANG_WARN_DEPRECATED_OBJC_IMPLEMENTATIONS = YES;
				CLANG_WARN_DIRECT_OBJC_ISA_USAGE = YES_ERROR;
				CLANG_WARN_DOCUMENTATION_COMMENTS = YES;
				CLANG_WARN_EMPTY_BODY = YES;
				CLANG_WARN_ENUM_CONVERSION = YES;
				CLANG_WARN_INFINITE_RECURSION = YES;
				CLANG_WARN_INT_CONVERSION = YES;
				CLANG_WARN_NON_LITERAL_NULL_CONVERSION = YES;
				CLANG_WARN_OBJC_IMPLICIT_RETAIN_SELF = YES;
				CLANG_WARN_OBJC_LITERAL_CONVERSION = YES;
				CLANG_WARN_OBJC_ROOT_CLASS = YES_ERROR;
				CLANG_WARN_QUOTED_INCLUDE_IN_FRAMEWORK_HEADER = YES;
				CLANG_WARN_RANGE_LOOP_ANALYSIS = YES;
				CLANG_WARN_STRICT_PROTOTYPES = YES;
				CLANG_WARN_SUSPICIOUS_MOVE = YES;
				CLANG_WARN_UNGUARDED_AVAILABILITY = YES_AGGRESSIVE;
				CLANG_WARN_UNREACHABLE_CODE = YES;
				CLANG_WARN__DUPLICATE_METHOD_MATCH = YES;
				COPY_PHASE_STRIP = NO;
				DEBUG_INFORMATION_FORMAT = "dwarf-with-dsym";
				ENABLE_NS_ASSERTIONS = NO;
				ENABLE_STRICT_OBJC_MSGSEND = YES;
				GCC_C_LANGUAGE_STANDARD = gnu11;
				GCC_NO_COMMON_BLOCKS = YES;
				GCC_WARN_64_TO_32_BIT_CONVERSION = YES;
				GCC_WARN_ABOUT_RETURN_TYPE = YES_ERROR;
				GCC_WARN_UNDECLARED_SELECTOR = YES;
				GCC_WARN_UNINITIALIZED_AUTOS = YES_AGGRESSIVE;
				GCC_WARN_UNUSED_FUNCTION = YES;
				GCC_WARN_UNUSED_VARIABLE = YES;
				IPHONEOS_DEPLOYMENT_TARGET = 16.1;
				MTL_ENABLE_DEBUG_INFO = NO;
				MTL_FAST_MATH = YES;
				SDKROOT = iphoneos;
				SWIFT_COMPILATION_MODE = wholemodule;
				SWIFT_OPTIMIZATION_LEVEL = "-O";
				VALIDATE_PRODUCT = YES;
			};
			name = Release;
		};
		C1D404F3292E36AE00A46957 /* Debug */ = {
			isa = XCBuildConfiguration;
			buildSettings = {
				ASSETCATALOG_COMPILER_APPICON_NAME = AppIcon;
				ASSETCATALOG_COMPILER_GLOBAL_ACCENT_COLOR_NAME = AccentColor;
				CODE_SIGN_STYLE = Automatic;
				CURRENT_PROJECT_VERSION = 1;
				DEVELOPMENT_ASSET_PATHS = "\"PiOS/Preview Content\"";
				DEVELOPMENT_TEAM = 5KLX8CARQD;
				ENABLE_PREVIEWS = YES;
				GENERATE_INFOPLIST_FILE = YES;
				INFOPLIST_KEY_CFBundleDisplayName = "";
				INFOPLIST_KEY_LSApplicationCategoryType = "";
				INFOPLIST_KEY_NSLocationWhenInUseUsageDescription = "Allow location when in use";
				INFOPLIST_KEY_UIApplicationSceneManifest_Generation = YES;
				INFOPLIST_KEY_UIApplicationSupportsIndirectInputEvents = YES;
				INFOPLIST_KEY_UILaunchScreen_Generation = YES;
				INFOPLIST_KEY_UISupportedInterfaceOrientations_iPad = "UIInterfaceOrientationPortrait UIInterfaceOrientationPortraitUpsideDown UIInterfaceOrientationLandscapeLeft UIInterfaceOrientationLandscapeRight";
				INFOPLIST_KEY_UISupportedInterfaceOrientations_iPhone = "UIInterfaceOrientationPortrait UIInterfaceOrientationLandscapeLeft UIInterfaceOrientationLandscapeRight";
				LD_RUNPATH_SEARCH_PATHS = (
					"$(inherited)",
					"@executable_path/Frameworks",
				);
				MARKETING_VERSION = 1.0;
				PRODUCT_BUNDLE_IDENTIFIER = com.dvczr.PiOS;
				PRODUCT_NAME = "$(TARGET_NAME)";
				SWIFT_EMIT_LOC_STRINGS = YES;
				SWIFT_VERSION = 5.0;
				TARGETED_DEVICE_FAMILY = "1,2";
			};
			name = Debug;
		};
		C1D404F4292E36AE00A46957 /* Release */ = {
			isa = XCBuildConfiguration;
			buildSettings = {
				ASSETCATALOG_COMPILER_APPICON_NAME = AppIcon;
				ASSETCATALOG_COMPILER_GLOBAL_ACCENT_COLOR_NAME = AccentColor;
				CODE_SIGN_STYLE = Automatic;
				CURRENT_PROJECT_VERSION = 1;
				DEVELOPMENT_ASSET_PATHS = "\"PiOS/Preview Content\"";
				DEVELOPMENT_TEAM = 5KLX8CARQD;
				ENABLE_PREVIEWS = YES;
				GENERATE_INFOPLIST_FILE = YES;
				INFOPLIST_KEY_CFBundleDisplayName = "";
				INFOPLIST_KEY_LSApplicationCategoryType = "";
				INFOPLIST_KEY_NSLocationWhenInUseUsageDescription = "Allow location when in use";
				INFOPLIST_KEY_UIApplicationSceneManifest_Generation = YES;
				INFOPLIST_KEY_UIApplicationSupportsIndirectInputEvents = YES;
				INFOPLIST_KEY_UILaunchScreen_Generation = YES;
				INFOPLIST_KEY_UISupportedInterfaceOrientations_iPad = "UIInterfaceOrientationPortrait UIInterfaceOrientationPortraitUpsideDown UIInterfaceOrientationLandscapeLeft UIInterfaceOrientationLandscapeRight";
				INFOPLIST_KEY_UISupportedInterfaceOrientations_iPhone = "UIInterfaceOrientationPortrait UIInterfaceOrientationLandscapeLeft UIInterfaceOrientationLandscapeRight";
				LD_RUNPATH_SEARCH_PATHS = (
					"$(inherited)",
					"@executable_path/Frameworks",
				);
				MARKETING_VERSION = 1.0;
				PRODUCT_BUNDLE_IDENTIFIER = com.dvczr.PiOS;
				PRODUCT_NAME = "$(TARGET_NAME)";
				SWIFT_EMIT_LOC_STRINGS = YES;
				SWIFT_VERSION = 5.0;
				TARGETED_DEVICE_FAMILY = "1,2";
			};
			name = Release;
		};
		C1D404F6292E36AE00A46957 /* Debug */ = {
			isa = XCBuildConfiguration;
			buildSettings = {
				ALWAYS_EMBED_SWIFT_STANDARD_LIBRARIES = YES;
				BUNDLE_LOADER = "$(TEST_HOST)";
				CODE_SIGN_STYLE = Automatic;
				CURRENT_PROJECT_VERSION = 1;
				DEVELOPMENT_TEAM = 5KLX8CARQD;
				GENERATE_INFOPLIST_FILE = YES;
				IPHONEOS_DEPLOYMENT_TARGET = 16.1;
				MARKETING_VERSION = 1.0;
				PRODUCT_BUNDLE_IDENTIFIER = com.dvczr.PiOSTests;
				PRODUCT_NAME = "$(TARGET_NAME)";
				SWIFT_EMIT_LOC_STRINGS = NO;
				SWIFT_VERSION = 5.0;
				TARGETED_DEVICE_FAMILY = "1,2";
				TEST_HOST = "$(BUILT_PRODUCTS_DIR)/PiOS.app/$(BUNDLE_EXECUTABLE_FOLDER_PATH)/PiOS";
			};
			name = Debug;
		};
		C1D404F7292E36AE00A46957 /* Release */ = {
			isa = XCBuildConfiguration;
			buildSettings = {
				ALWAYS_EMBED_SWIFT_STANDARD_LIBRARIES = YES;
				BUNDLE_LOADER = "$(TEST_HOST)";
				CODE_SIGN_STYLE = Automatic;
				CURRENT_PROJECT_VERSION = 1;
				DEVELOPMENT_TEAM = 5KLX8CARQD;
				GENERATE_INFOPLIST_FILE = YES;
				IPHONEOS_DEPLOYMENT_TARGET = 16.1;
				MARKETING_VERSION = 1.0;
				PRODUCT_BUNDLE_IDENTIFIER = com.dvczr.PiOSTests;
				PRODUCT_NAME = "$(TARGET_NAME)";
				SWIFT_EMIT_LOC_STRINGS = NO;
				SWIFT_VERSION = 5.0;
				TARGETED_DEVICE_FAMILY = "1,2";
				TEST_HOST = "$(BUILT_PRODUCTS_DIR)/PiOS.app/$(BUNDLE_EXECUTABLE_FOLDER_PATH)/PiOS";
			};
			name = Release;
		};
		C1D404F9292E36AE00A46957 /* Debug */ = {
			isa = XCBuildConfiguration;
			buildSettings = {
				ALWAYS_EMBED_SWIFT_STANDARD_LIBRARIES = YES;
				CODE_SIGN_STYLE = Automatic;
				CURRENT_PROJECT_VERSION = 1;
				DEVELOPMENT_TEAM = 5KLX8CARQD;
				GENERATE_INFOPLIST_FILE = YES;
				MARKETING_VERSION = 1.0;
				PRODUCT_BUNDLE_IDENTIFIER = com.dvczr.PiOSUITests;
				PRODUCT_NAME = "$(TARGET_NAME)";
				SWIFT_EMIT_LOC_STRINGS = NO;
				SWIFT_VERSION = 5.0;
				TARGETED_DEVICE_FAMILY = "1,2";
				TEST_TARGET_NAME = PiOS;
			};
			name = Debug;
		};
		C1D404FA292E36AE00A46957 /* Release */ = {
			isa = XCBuildConfiguration;
			buildSettings = {
				ALWAYS_EMBED_SWIFT_STANDARD_LIBRARIES = YES;
				CODE_SIGN_STYLE = Automatic;
				CURRENT_PROJECT_VERSION = 1;
				DEVELOPMENT_TEAM = 5KLX8CARQD;
				GENERATE_INFOPLIST_FILE = YES;
				MARKETING_VERSION = 1.0;
				PRODUCT_BUNDLE_IDENTIFIER = com.dvczr.PiOSUITests;
				PRODUCT_NAME = "$(TARGET_NAME)";
				SWIFT_EMIT_LOC_STRINGS = NO;
				SWIFT_VERSION = 5.0;
				TARGETED_DEVICE_FAMILY = "1,2";
				TEST_TARGET_NAME = PiOS;
			};
			name = Release;
		};
/* End XCBuildConfiguration section */

/* Begin XCConfigurationList section */
		C1D404C9292E36AC00A46957 /* Build configuration list for PBXProject "PiOS" */ = {
			isa = XCConfigurationList;
			buildConfigurations = (
				C1D404F0292E36AE00A46957 /* Debug */,
				C1D404F1292E36AE00A46957 /* Release */,
			);
			defaultConfigurationIsVisible = 0;
			defaultConfigurationName = Release;
		};
		C1D404F2292E36AE00A46957 /* Build configuration list for PBXNativeTarget "PiOS" */ = {
			isa = XCConfigurationList;
			buildConfigurations = (
				C1D404F3292E36AE00A46957 /* Debug */,
				C1D404F4292E36AE00A46957 /* Release */,
			);
			defaultConfigurationIsVisible = 0;
			defaultConfigurationName = Release;
		};
		C1D404F5292E36AE00A46957 /* Build configuration list for PBXNativeTarget "PiOSTests" */ = {
			isa = XCConfigurationList;
			buildConfigurations = (
				C1D404F6292E36AE00A46957 /* Debug */,
				C1D404F7292E36AE00A46957 /* Release */,
			);
			defaultConfigurationIsVisible = 0;
			defaultConfigurationName = Release;
		};
		C1D404F8292E36AE00A46957 /* Build configuration list for PBXNativeTarget "PiOSUITests" */ = {
			isa = XCConfigurationList;
			buildConfigurations = (
				C1D404F9292E36AE00A46957 /* Debug */,
				C1D404FA292E36AE00A46957 /* Release */,
			);
			defaultConfigurationIsVisible = 0;
			defaultConfigurationName = Release;
		};
/* End XCConfigurationList section */

/* Begin XCRemoteSwiftPackageReference section */
		C11A7A792935E83E00A37EB2 /* XCRemoteSwiftPackageReference "firebase-ios-sdk" */ = {
			isa = XCRemoteSwiftPackageReference;
			repositoryURL = "https://github.com/firebase/firebase-ios-sdk";
			requirement = {
				branch = master;
				kind = branch;
			};
		};
/* End XCRemoteSwiftPackageReference section */

/* Begin XCSwiftPackageProductDependency section */
		C11A7A7A2935E83E00A37EB2 /* FirebaseAuth */ = {
			isa = XCSwiftPackageProductDependency;
			package = C11A7A792935E83E00A37EB2 /* XCRemoteSwiftPackageReference "firebase-ios-sdk" */;
			productName = FirebaseAuth;
		};
		C11A7A7C2935E83E00A37EB2 /* FirebaseFirestore */ = {
			isa = XCSwiftPackageProductDependency;
			package = C11A7A792935E83E00A37EB2 /* XCRemoteSwiftPackageReference "firebase-ios-sdk" */;
			productName = FirebaseFirestore;
		};
		C11A7A7E2935E83E00A37EB2 /* FirebaseFirestoreSwift */ = {
			isa = XCSwiftPackageProductDependency;
			package = C11A7A792935E83E00A37EB2 /* XCRemoteSwiftPackageReference "firebase-ios-sdk" */;
			productName = FirebaseFirestoreSwift;
		};
/* End XCSwiftPackageProductDependency section */
	};
	rootObject = C1D404C6292E36AC00A46957 /* Project object */;
}
